
Microsoft Visual Studio Solution File, Format Version 12.00
# Visual Studio 15
VisualStudioVersion = 15.0.28307.329
MinimumVisualStudioVersion = 10.0.40219.1
Project("{FAE04EC0-301F-11D3-BF4B-00C04F79EFBC}") = "Gundemdekiler_RSS_api", "Gundemdekiler_RSS_api\Gundemdekiler_RSS_api.csproj", "{0757313C-6201-46BC-B0C2-0B1ABEBA3C2A}"
EndProject
Global
	GlobalSection(SolutionConfigurationPlatforms) = preSolution
		Debug|Any CPU = Debug|Any CPU
		Release|Any CPU = Release|Any CPU
	EndGlobalSection
	GlobalSection(ProjectConfigurationPlatforms) = postSolution
		{0757313C-6201-46BC-B0C2-0B1ABEBA3C2A}.Debug|Any CPU.ActiveCfg = Debug|Any CPU
		{0757313C-6201-46BC-B0C2-0B1ABEBA3C2A}.Debug|Any CPU.Build.0 = Debug|Any CPU
		{0757313C-6201-46BC-B0C2-0B1ABEBA3C2A}.Release|Any CPU.ActiveCfg = Release|Any CPU
		{0757313C-6201-46BC-B0C2-0B1ABEBA3C2A}.Release|Any CPU.Build.0 = Release|Any CPU
	EndGlobalSection
	GlobalSection(SolutionProperties) = preSolution
		HideSolutionNode = FALSE
	EndGlobalSection
	GlobalSection(ExtensibilityGlobals) = postSolution
		SolutionGuid = {9E21FA52-5D1E-40BC-8794-FD0B3D62634D}
	EndGlobalSection
EndGlobal
